
Microsoft Visual Studio Solution File, Format Version 11.00
# Visual C# Express 2010
Project("{FAE04EC0-301F-11D3-BF4B-00C04F79EFBC}") = "BankAccount", "BankAccount.csproj", "{73F99C8F-3B6F-4F3A-A9F6-5A2AA3012D3C}"
EndProject
Global
	GlobalSection(SolutionConfigurationPlatforms) = preSolution
		Debug|x86 = Debug|x86
		Release|x86 = Release|x86
	EndGlobalSection
	GlobalSection(ProjectConfigurationPlatforms) = postSolution
		{73F99C8F-3B6F-4F3A-A9F6-5A2AA3012D3C}.Debug|x86.ActiveCfg = Debug|x86
		{73F99C8F-3B6F-4F3A-A9F6-5A2AA3012D3C}.Debug|x86.Build.0 = Debug|x86
		{73F99C8F-3B6F-4F3A-A9F6-5A2AA3012D3C}.Release|x86.ActiveCfg = Release|x86
		{73F99C8F-3B6F-4F3A-A9F6-5A2AA3012D3C}.Release|x86.Build.0 = Release|x86
	EndGlobalSection
	GlobalSection(SolutionProperties) = preSolution
		HideSolutionNode = FALSE
	EndGlobalSection
EndGlobal
