
Microsoft Visual Studio Solution File, Format Version 11.00
# Visual C# Express 2010
Project("{FAE04EC0-301F-11D3-BF4B-00C04F79EFBC}") = "SpecialNumbers", "SpecialNumbers\SpecialNumbers.csproj", "{104EF12D-D34C-4CD0-B361-E467744A0179}"
EndProject
Global
	GlobalSection(SolutionConfigurationPlatforms) = preSolution
		Debug|x86 = Debug|x86
		Release|x86 = Release|x86
	EndGlobalSection
	GlobalSection(ProjectConfigurationPlatforms) = postSolution
		{104EF12D-D34C-4CD0-B361-E467744A0179}.Debug|x86.ActiveCfg = Debug|x86
		{104EF12D-D34C-4CD0-B361-E467744A0179}.Debug|x86.Build.0 = Debug|x86
		{104EF12D-D34C-4CD0-B361-E467744A0179}.Release|x86.ActiveCfg = Release|x86
		{104EF12D-D34C-4CD0-B361-E467744A0179}.Release|x86.Build.0 = Release|x86
	EndGlobalSection
	GlobalSection(SolutionProperties) = preSolution
		HideSolutionNode = FALSE
	EndGlobalSection
EndGlobal
