
Microsoft Visual Studio Solution File, Format Version 12.00
# Visual Studio 15
VisualStudioVersion = 15.0.28307.106
MinimumVisualStudioVersion = 10.0.40219.1
Project("{FAE04EC0-301F-11D3-BF4B-00C04F79EFBC}") = "DoubleLinkedList", "DoubleLinkedList\DoubleLinkedList.csproj", "{BDF82D4A-B659-4852-836A-3D16F5F3C831}"
EndProject
Global
	GlobalSection(SolutionConfigurationPlatforms) = preSolution
		Debug|Any CPU = Debug|Any CPU
		Release|Any CPU = Release|Any CPU
	EndGlobalSection
	GlobalSection(ProjectConfigurationPlatforms) = postSolution
		{BDF82D4A-B659-4852-836A-3D16F5F3C831}.Debug|Any CPU.ActiveCfg = Debug|Any CPU
		{BDF82D4A-B659-4852-836A-3D16F5F3C831}.Debug|Any CPU.Build.0 = Debug|Any CPU
		{BDF82D4A-B659-4852-836A-3D16F5F3C831}.Release|Any CPU.ActiveCfg = Release|Any CPU
		{BDF82D4A-B659-4852-836A-3D16F5F3C831}.Release|Any CPU.Build.0 = Release|Any CPU
	EndGlobalSection
	GlobalSection(SolutionProperties) = preSolution
		HideSolutionNode = FALSE
	EndGlobalSection
	GlobalSection(ExtensibilityGlobals) = postSolution
		SolutionGuid = {B81E846E-25C0-4435-B484-F589870FFA02}
	EndGlobalSection
EndGlobal
